
Microsoft Visual Studio Solution File, Format Version 12.00
# Visual Studio 14
VisualStudioVersion = 14.0.25123.0
MinimumVisualStudioVersion = 10.0.40219.1
Project("{FAE04EC0-301F-11D3-BF4B-00C04F79EFBC}") = "NJsonApiCore.Web.MVC5.HelloWorld", "src\NJsonApiCore.Web.MVC5.HelloWorld\NJsonApiCore.Web.MVC5.HelloWorld.csproj", "{E0C81EEB-B88B-4C73-AECF-2FEFA6AE904A}"
EndProject
Project("{FAE04EC0-301F-11D3-BF4B-00C04F79EFBC}") = "NJsonApiCore.Web.MVC5", "src\NJsonApiCore.Web.MVC5\NJsonApiCore.Web.MVC5.csproj", "{806263C3-7903-4F1F-80C7-28793B51181B}"
EndProject
Project("{FAE04EC0-301F-11D3-BF4B-00C04F79EFBC}") = "NJsonApiCore", "src\NJsonApiCore\NJsonApiCore.csproj", "{B5C1DE91-7CA4-46AF-87DD-13DBADCE73CE}"
EndProject
Global
	GlobalSection(SolutionConfigurationPlatforms) = preSolution
		Debug|Any CPU = Debug|Any CPU
		Release|Any CPU = Release|Any CPU
	EndGlobalSection
	GlobalSection(ProjectConfigurationPlatforms) = postSolution
		{E0C81EEB-B88B-4C73-AECF-2FEFA6AE904A}.Debug|Any CPU.ActiveCfg = Debug|Any CPU
		{E0C81EEB-B88B-4C73-AECF-2FEFA6AE904A}.Debug|Any CPU.Build.0 = Debug|Any CPU
		{E0C81EEB-B88B-4C73-AECF-2FEFA6AE904A}.Release|Any CPU.ActiveCfg = Release|Any CPU
		{E0C81EEB-B88B-4C73-AECF-2FEFA6AE904A}.Release|Any CPU.Build.0 = Release|Any CPU
		{806263C3-7903-4F1F-80C7-28793B51181B}.Debug|Any CPU.ActiveCfg = Debug|Any CPU
		{806263C3-7903-4F1F-80C7-28793B51181B}.Debug|Any CPU.Build.0 = Debug|Any CPU
		{806263C3-7903-4F1F-80C7-28793B51181B}.Release|Any CPU.ActiveCfg = Release|Any CPU
		{806263C3-7903-4F1F-80C7-28793B51181B}.Release|Any CPU.Build.0 = Release|Any CPU
		{B5C1DE91-7CA4-46AF-87DD-13DBADCE73CE}.Debug|Any CPU.ActiveCfg = Debug|Any CPU
		{B5C1DE91-7CA4-46AF-87DD-13DBADCE73CE}.Debug|Any CPU.Build.0 = Debug|Any CPU
		{B5C1DE91-7CA4-46AF-87DD-13DBADCE73CE}.Release|Any CPU.ActiveCfg = Release|Any CPU
		{B5C1DE91-7CA4-46AF-87DD-13DBADCE73CE}.Release|Any CPU.Build.0 = Release|Any CPU
	EndGlobalSection
	GlobalSection(SolutionProperties) = preSolution
		HideSolutionNode = FALSE
	EndGlobalSection
EndGlobal
