
Microsoft Visual Studio Solution File, Format Version 12.00
# Visual Studio 15
VisualStudioVersion = 15.0.26403.7
MinimumVisualStudioVersion = 10.0.40219.1
Project("{2150E333-8FDC-42A3-9474-1A3956D46DE8}") = "src", "src", "{608F0EB7-DEF1-4303-934A-1FD87174B483}"
EndProject
Project("{2150E333-8FDC-42A3-9474-1A3956D46DE8}") = "test", "test", "{32309EAF-E19A-4274-9D2B-800DF7E84BE5}"
EndProject
Project("{9A19103F-16F7-4668-BE54-9A1E7A4F7556}") = "NJsonApiCoreCore", "src\NJsonApiCore\NJsonApiCoreCore.csproj", "{CD115F90-BF6B-4921-9028-60AA013EAD37}"
EndProject
Project("{9A19103F-16F7-4668-BE54-9A1E7A4F7556}") = "NJsonApiCore.Web.MVCCore", "src\NJsonApiCore.Web.MVCCore\NJsonApiCore.Web.MVCCore.csproj", "{73CD422D-C910-4AE0-8B5E-40D1081DACD8}"
EndProject
Project("{9A19103F-16F7-4668-BE54-9A1E7A4F7556}") = "NJsonApiCore.Web.MVCCore.HelloWorld", "src\NJsonApiCore.Web.MVCCore.HelloWorld\NJsonApiCore.Web.MVCCore.HelloWorld.csproj", "{186F4E59-AF68-4037-92A3-B943856B8BC5}"
EndProject
Project("{9A19103F-16F7-4668-BE54-9A1E7A4F7556}") = "NJsonApiCore.Test", "test\NJsonApiCore.Test\NJsonApiCore.Test.csproj", "{D2C938B9-961A-442D-BE7D-9413E112F04F}"
EndProject
Global
	GlobalSection(SolutionConfigurationPlatforms) = preSolution
		Debug|Any CPU = Debug|Any CPU
		Release|Any CPU = Release|Any CPU
	EndGlobalSection
	GlobalSection(ProjectConfigurationPlatforms) = postSolution
		{CD115F90-BF6B-4921-9028-60AA013EAD37}.Debug|Any CPU.ActiveCfg = Debug|Any CPU
		{CD115F90-BF6B-4921-9028-60AA013EAD37}.Debug|Any CPU.Build.0 = Debug|Any CPU
		{CD115F90-BF6B-4921-9028-60AA013EAD37}.Release|Any CPU.ActiveCfg = Release|Any CPU
		{CD115F90-BF6B-4921-9028-60AA013EAD37}.Release|Any CPU.Build.0 = Release|Any CPU
		{73CD422D-C910-4AE0-8B5E-40D1081DACD8}.Debug|Any CPU.ActiveCfg = Debug|Any CPU
		{73CD422D-C910-4AE0-8B5E-40D1081DACD8}.Debug|Any CPU.Build.0 = Debug|Any CPU
		{73CD422D-C910-4AE0-8B5E-40D1081DACD8}.Release|Any CPU.ActiveCfg = Release|Any CPU
		{73CD422D-C910-4AE0-8B5E-40D1081DACD8}.Release|Any CPU.Build.0 = Release|Any CPU
		{186F4E59-AF68-4037-92A3-B943856B8BC5}.Debug|Any CPU.ActiveCfg = Debug|Any CPU
		{186F4E59-AF68-4037-92A3-B943856B8BC5}.Debug|Any CPU.Build.0 = Debug|Any CPU
		{186F4E59-AF68-4037-92A3-B943856B8BC5}.Release|Any CPU.ActiveCfg = Release|Any CPU
		{186F4E59-AF68-4037-92A3-B943856B8BC5}.Release|Any CPU.Build.0 = Release|Any CPU
		{D2C938B9-961A-442D-BE7D-9413E112F04F}.Debug|Any CPU.ActiveCfg = Debug|Any CPU
		{D2C938B9-961A-442D-BE7D-9413E112F04F}.Debug|Any CPU.Build.0 = Debug|Any CPU
		{D2C938B9-961A-442D-BE7D-9413E112F04F}.Release|Any CPU.ActiveCfg = Release|Any CPU
		{D2C938B9-961A-442D-BE7D-9413E112F04F}.Release|Any CPU.Build.0 = Release|Any CPU
	EndGlobalSection
	GlobalSection(SolutionProperties) = preSolution
		HideSolutionNode = FALSE
	EndGlobalSection
	GlobalSection(NestedProjects) = preSolution
		{CD115F90-BF6B-4921-9028-60AA013EAD37} = {608F0EB7-DEF1-4303-934A-1FD87174B483}
		{73CD422D-C910-4AE0-8B5E-40D1081DACD8} = {608F0EB7-DEF1-4303-934A-1FD87174B483}
		{186F4E59-AF68-4037-92A3-B943856B8BC5} = {608F0EB7-DEF1-4303-934A-1FD87174B483}
		{D2C938B9-961A-442D-BE7D-9413E112F04F} = {32309EAF-E19A-4274-9D2B-800DF7E84BE5}
	EndGlobalSection
EndGlobal
